
Microsoft Visual Studio Solution File, Format Version 12.00
# Visual Studio Version 17
VisualStudioVersion = 17.2.32616.157
MinimumVisualStudioVersion = 10.0.40219.1
Project("{FAE04EC0-301F-11D3-BF4B-00C04F79EFBC}") = "FindingPrimeNumbers", "FindingPrimeNumbers\FindingPrimeNumbers.csproj", "{88CED33C-0546-4B3D-9641-BE9B42D534D8}"
EndProject
Global
	GlobalSection(SolutionConfigurationPlatforms) = preSolution
		Debug|Any CPU = Debug|Any CPU
		Release|Any CPU = Release|Any CPU
	EndGlobalSection
	GlobalSection(ProjectConfigurationPlatforms) = postSolution
		{88CED33C-0546-4B3D-9641-BE9B42D534D8}.Debug|Any CPU.ActiveCfg = Debug|Any CPU
		{88CED33C-0546-4B3D-9641-BE9B42D534D8}.Debug|Any CPU.Build.0 = Debug|Any CPU
		{88CED33C-0546-4B3D-9641-BE9B42D534D8}.Release|Any CPU.ActiveCfg = Release|Any CPU
		{88CED33C-0546-4B3D-9641-BE9B42D534D8}.Release|Any CPU.Build.0 = Release|Any CPU
	EndGlobalSection
	GlobalSection(SolutionProperties) = preSolution
		HideSolutionNode = FALSE
	EndGlobalSection
	GlobalSection(ExtensibilityGlobals) = postSolution
		SolutionGuid = {95F6D670-4965-476F-AE83-33AF7390B047}
	EndGlobalSection
EndGlobal
